
Microsoft Visual Studio Solution File, Format Version 12.00
# Visual Studio Version 16
VisualStudioVersion = 16.0.31129.286
MinimumVisualStudioVersion = 10.0.40219.1
Project("{FAE04EC0-301F-11D3-BF4B-00C04F79EFBC}") = "ZbW.ITB1821H.OrderManager.UserInterface", "Zbw.ITB1821H.OrderManager.UserInterface\ZbW.ITB1821H.OrderManager.UserInterface.csproj", "{61BD2CB5-5E9B-4819-85F4-A5F3C9EED34F}"
EndProject
Project("{FAE04EC0-301F-11D3-BF4B-00C04F79EFBC}") = "ZbW.ITB1821H.OrderManager.Model", "ZbW.ITB1821H.OrderManager.Model\ZbW.ITB1821H.OrderManager.Model.csproj", "{6539F3C6-820B-4BC8-A1F4-66BA40C68912}"
EndProject
Global
	GlobalSection(SolutionConfigurationPlatforms) = preSolution
		Debug|Any CPU = Debug|Any CPU
		Release|Any CPU = Release|Any CPU
	EndGlobalSection
	GlobalSection(ProjectConfigurationPlatforms) = postSolution
		{61BD2CB5-5E9B-4819-85F4-A5F3C9EED34F}.Debug|Any CPU.ActiveCfg = Debug|Any CPU
		{61BD2CB5-5E9B-4819-85F4-A5F3C9EED34F}.Debug|Any CPU.Build.0 = Debug|Any CPU
		{61BD2CB5-5E9B-4819-85F4-A5F3C9EED34F}.Release|Any CPU.ActiveCfg = Release|Any CPU
		{61BD2CB5-5E9B-4819-85F4-A5F3C9EED34F}.Release|Any CPU.Build.0 = Release|Any CPU
		{6539F3C6-820B-4BC8-A1F4-66BA40C68912}.Debug|Any CPU.ActiveCfg = Debug|Any CPU
		{6539F3C6-820B-4BC8-A1F4-66BA40C68912}.Debug|Any CPU.Build.0 = Debug|Any CPU
		{6539F3C6-820B-4BC8-A1F4-66BA40C68912}.Release|Any CPU.ActiveCfg = Release|Any CPU
		{6539F3C6-820B-4BC8-A1F4-66BA40C68912}.Release|Any CPU.Build.0 = Release|Any CPU
	EndGlobalSection
	GlobalSection(SolutionProperties) = preSolution
		HideSolutionNode = FALSE
	EndGlobalSection
	GlobalSection(ExtensibilityGlobals) = postSolution
		SolutionGuid = {69B6771A-0BE7-4C8F-AE2B-3E078CA649EA}
	EndGlobalSection
EndGlobal
